
Microsoft Visual Studio Solution File, Format Version 12.00
# Visual Studio Version 16
VisualStudioVersion = 16.0.29326.143
MinimumVisualStudioVersion = 10.0.40219.1
Project("{FAE04EC0-301F-11D3-BF4B-00C04F79EFBC}") = "ShoppingCart_Team7B", "ShoppingCart_Team7B\ShoppingCart_Team7B.csproj", "{A394E2A9-D74B-4130-AE1D-FA6A1DDD172A}"
EndProject
Global
	GlobalSection(SolutionConfigurationPlatforms) = preSolution
		Debug|Any CPU = Debug|Any CPU
		Release|Any CPU = Release|Any CPU
	EndGlobalSection
	GlobalSection(ProjectConfigurationPlatforms) = postSolution
		{A394E2A9-D74B-4130-AE1D-FA6A1DDD172A}.Debug|Any CPU.ActiveCfg = Debug|Any CPU
		{A394E2A9-D74B-4130-AE1D-FA6A1DDD172A}.Debug|Any CPU.Build.0 = Debug|Any CPU
		{A394E2A9-D74B-4130-AE1D-FA6A1DDD172A}.Release|Any CPU.ActiveCfg = Release|Any CPU
		{A394E2A9-D74B-4130-AE1D-FA6A1DDD172A}.Release|Any CPU.Build.0 = Release|Any CPU
	EndGlobalSection
	GlobalSection(SolutionProperties) = preSolution
		HideSolutionNode = FALSE
	EndGlobalSection
	GlobalSection(ExtensibilityGlobals) = postSolution
		SolutionGuid = {36976EE2-AAD8-4999-912A-7081445190A9}
	EndGlobalSection
EndGlobal
